
Microsoft Visual Studio Solution File, Format Version 12.00
# Visual Studio Version 17
VisualStudioVersion = 17.4.33213.308
MinimumVisualStudioVersion = 10.0.40219.1
Project("{FAE04EC0-301F-11D3-BF4B-00C04F79EFBC}") = "app_Cajero_Automatico", "app_Cajero_Automatico\app_Cajero_Automatico.csproj", "{17845EFB-B391-4AF9-8BC7-9F0CA34EACDD}"
EndProject
Global
	GlobalSection(SolutionConfigurationPlatforms) = preSolution
		Debug|Any CPU = Debug|Any CPU
		Release|Any CPU = Release|Any CPU
	EndGlobalSection
	GlobalSection(ProjectConfigurationPlatforms) = postSolution
		{17845EFB-B391-4AF9-8BC7-9F0CA34EACDD}.Debug|Any CPU.ActiveCfg = Debug|Any CPU
		{17845EFB-B391-4AF9-8BC7-9F0CA34EACDD}.Debug|Any CPU.Build.0 = Debug|Any CPU
		{17845EFB-B391-4AF9-8BC7-9F0CA34EACDD}.Release|Any CPU.ActiveCfg = Release|Any CPU
		{17845EFB-B391-4AF9-8BC7-9F0CA34EACDD}.Release|Any CPU.Build.0 = Release|Any CPU
	EndGlobalSection
	GlobalSection(SolutionProperties) = preSolution
		HideSolutionNode = FALSE
	EndGlobalSection
	GlobalSection(ExtensibilityGlobals) = postSolution
		SolutionGuid = {04A22C3A-FE17-46E7-AA52-EA1C85BF2E92}
	EndGlobalSection
EndGlobal
